
Microsoft Visual Studio Solution File, Format Version 12.00
# Visual Studio Version 17
VisualStudioVersion = 17.3.32819.101
MinimumVisualStudioVersion = 10.0.40219.1
Project("{FAE04EC0-301F-11D3-BF4B-00C04F79EFBC}") = "ProductStoreApp", "ProductStoreApp\ProductStoreApp.csproj", "{97AE7433-88FB-41DA-84C0-CBDBBA79334B}"
EndProject
Global
	GlobalSection(SolutionConfigurationPlatforms) = preSolution
		Debug|Any CPU = Debug|Any CPU
		Release|Any CPU = Release|Any CPU
	EndGlobalSection
	GlobalSection(ProjectConfigurationPlatforms) = postSolution
		{97AE7433-88FB-41DA-84C0-CBDBBA79334B}.Debug|Any CPU.ActiveCfg = Debug|Any CPU
		{97AE7433-88FB-41DA-84C0-CBDBBA79334B}.Debug|Any CPU.Build.0 = Debug|Any CPU
		{97AE7433-88FB-41DA-84C0-CBDBBA79334B}.Release|Any CPU.ActiveCfg = Release|Any CPU
		{97AE7433-88FB-41DA-84C0-CBDBBA79334B}.Release|Any CPU.Build.0 = Release|Any CPU
	EndGlobalSection
	GlobalSection(SolutionProperties) = preSolution
		HideSolutionNode = FALSE
	EndGlobalSection
	GlobalSection(ExtensibilityGlobals) = postSolution
		SolutionGuid = {F8B25D57-4332-4BAC-A8B5-ADD5A3C8305D}
	EndGlobalSection
EndGlobal
